
Microsoft Visual Studio Solution File, Format Version 12.00
# Visual Studio Version 16
VisualStudioVersion = 16.0.29306.81
MinimumVisualStudioVersion = 10.0.40219.1
Project("{FAE04EC0-301F-11D3-BF4B-00C04F79EFBC}") = "Gyakorlat10", "Gyakorlat10\Gyakorlat10.csproj", "{50A8DFCB-8641-4692-AC82-822C3FB90EFC}"
EndProject
Global
	GlobalSection(SolutionConfigurationPlatforms) = preSolution
		Debug|Any CPU = Debug|Any CPU
		Release|Any CPU = Release|Any CPU
	EndGlobalSection
	GlobalSection(ProjectConfigurationPlatforms) = postSolution
		{50A8DFCB-8641-4692-AC82-822C3FB90EFC}.Debug|Any CPU.ActiveCfg = Debug|Any CPU
		{50A8DFCB-8641-4692-AC82-822C3FB90EFC}.Debug|Any CPU.Build.0 = Debug|Any CPU
		{50A8DFCB-8641-4692-AC82-822C3FB90EFC}.Release|Any CPU.ActiveCfg = Release|Any CPU
		{50A8DFCB-8641-4692-AC82-822C3FB90EFC}.Release|Any CPU.Build.0 = Release|Any CPU
	EndGlobalSection
	GlobalSection(SolutionProperties) = preSolution
		HideSolutionNode = FALSE
	EndGlobalSection
	GlobalSection(ExtensibilityGlobals) = postSolution
		SolutionGuid = {B120B0BE-288F-448E-8CA1-E189212486B2}
	EndGlobalSection
EndGlobal
