
Microsoft Visual Studio Solution File, Format Version 12.00
# Visual Studio Version 16
VisualStudioVersion = 16.0.29306.81
MinimumVisualStudioVersion = 10.0.40219.1
Project("{FAE04EC0-301F-11D3-BF4B-00C04F79EFBC}") = "XDQ857Week04", "XDQ857Week04\XDQ857Week04.csproj", "{B1AF0660-8B2B-4C6F-A80D-493969540C35}"
EndProject
Global
	GlobalSection(SolutionConfigurationPlatforms) = preSolution
		Debug|Any CPU = Debug|Any CPU
		Release|Any CPU = Release|Any CPU
	EndGlobalSection
	GlobalSection(ProjectConfigurationPlatforms) = postSolution
		{B1AF0660-8B2B-4C6F-A80D-493969540C35}.Debug|Any CPU.ActiveCfg = Debug|Any CPU
		{B1AF0660-8B2B-4C6F-A80D-493969540C35}.Debug|Any CPU.Build.0 = Debug|Any CPU
		{B1AF0660-8B2B-4C6F-A80D-493969540C35}.Release|Any CPU.ActiveCfg = Release|Any CPU
		{B1AF0660-8B2B-4C6F-A80D-493969540C35}.Release|Any CPU.Build.0 = Release|Any CPU
	EndGlobalSection
	GlobalSection(SolutionProperties) = preSolution
		HideSolutionNode = FALSE
	EndGlobalSection
	GlobalSection(ExtensibilityGlobals) = postSolution
		SolutionGuid = {4C8D968B-F332-40AC-8F36-3317F9B967D9}
	EndGlobalSection
EndGlobal
